
Microsoft Visual Studio Solution File, Format Version 12.00
# Visual Studio 15
VisualStudioVersion = 15.0.28010.0
MinimumVisualStudioVersion = 10.0.40219.1
Project("{9A19103F-16F7-4668-BE54-9A1E7A4F7556}") = "PiENIS", "PiENIS\PiENIS.csproj", "{6CBF2812-7C00-449E-AC72-C195C3B5A875}"
EndProject
Project("{FAE04EC0-301F-11D3-BF4B-00C04F79EFBC}") = "Test", "Test\Test.csproj", "{61CDC847-8D91-488D-923F-C54F75F31DED}"
EndProject
Project("{9A19103F-16F7-4668-BE54-9A1E7A4F7556}") = "PiENIS.Tests", "PiENIS.Tests\PiENIS.Tests.csproj", "{89F86006-8367-472E-AE3E-323EF7D601F6}"
EndProject
Global
	GlobalSection(SolutionConfigurationPlatforms) = preSolution
		Debug|Any CPU = Debug|Any CPU
		Release|Any CPU = Release|Any CPU
	EndGlobalSection
	GlobalSection(ProjectConfigurationPlatforms) = postSolution
		{6CBF2812-7C00-449E-AC72-C195C3B5A875}.Debug|Any CPU.ActiveCfg = Debug|Any CPU
		{6CBF2812-7C00-449E-AC72-C195C3B5A875}.Debug|Any CPU.Build.0 = Debug|Any CPU
		{6CBF2812-7C00-449E-AC72-C195C3B5A875}.Release|Any CPU.ActiveCfg = Release|Any CPU
		{6CBF2812-7C00-449E-AC72-C195C3B5A875}.Release|Any CPU.Build.0 = Release|Any CPU
		{61CDC847-8D91-488D-923F-C54F75F31DED}.Debug|Any CPU.ActiveCfg = Debug|Any CPU
		{61CDC847-8D91-488D-923F-C54F75F31DED}.Debug|Any CPU.Build.0 = Debug|Any CPU
		{61CDC847-8D91-488D-923F-C54F75F31DED}.Release|Any CPU.ActiveCfg = Release|Any CPU
		{61CDC847-8D91-488D-923F-C54F75F31DED}.Release|Any CPU.Build.0 = Release|Any CPU
		{89F86006-8367-472E-AE3E-323EF7D601F6}.Debug|Any CPU.ActiveCfg = Debug|Any CPU
		{89F86006-8367-472E-AE3E-323EF7D601F6}.Debug|Any CPU.Build.0 = Debug|Any CPU
		{89F86006-8367-472E-AE3E-323EF7D601F6}.Release|Any CPU.ActiveCfg = Release|Any CPU
		{89F86006-8367-472E-AE3E-323EF7D601F6}.Release|Any CPU.Build.0 = Release|Any CPU
	EndGlobalSection
	GlobalSection(SolutionProperties) = preSolution
		HideSolutionNode = FALSE
	EndGlobalSection
	GlobalSection(ExtensibilityGlobals) = postSolution
		SolutionGuid = {AC0E8BB4-E14C-4685-A5CA-C8A4704D3E1E}
	EndGlobalSection
EndGlobal
